
Microsoft Visual Studio Solution File, Format Version 12.00
Project("{FAE04EC0-301F-11D3-BF4B-00C04F79EFBC}") = "FluentAssertions.WireMock.Net", "src\FluentAssertions.WireMock.Net\FluentAssertions.WireMock.Net.csproj", "{C0779718-D0BF-47A5-909A-CFFBEBB352BB}"
EndProject
Project("{2150E333-8FDC-42A3-9474-1A3956D46DE8}") = "src", "src", "{E78D82D2-FB99-4B39-A079-AD4A5C2A0363}"
EndProject
Project("{2150E333-8FDC-42A3-9474-1A3956D46DE8}") = "test", "test", "{74989457-AA02-400F-A0FD-0E73E0489083}"
EndProject
Project("{FAE04EC0-301F-11D3-BF4B-00C04F79EFBC}") = "FluentAssertions.WireMock.Net.UnitTests", "test\FluentAssertions.WireMock.Net.UnitTests\FluentAssertions.WireMock.Net.UnitTests.csproj", "{4F5FEAA4-4CCF-441C-9CD4-A148D82C21AD}"
EndProject
Global
	GlobalSection(SolutionConfigurationPlatforms) = preSolution
		Debug|Any CPU = Debug|Any CPU
		Release|Any CPU = Release|Any CPU
	EndGlobalSection
	GlobalSection(ProjectConfigurationPlatforms) = postSolution
		{C0779718-D0BF-47A5-909A-CFFBEBB352BB}.Debug|Any CPU.ActiveCfg = Debug|Any CPU
		{C0779718-D0BF-47A5-909A-CFFBEBB352BB}.Debug|Any CPU.Build.0 = Debug|Any CPU
		{C0779718-D0BF-47A5-909A-CFFBEBB352BB}.Release|Any CPU.ActiveCfg = Release|Any CPU
		{C0779718-D0BF-47A5-909A-CFFBEBB352BB}.Release|Any CPU.Build.0 = Release|Any CPU
		{4F5FEAA4-4CCF-441C-9CD4-A148D82C21AD}.Debug|Any CPU.ActiveCfg = Debug|Any CPU
		{4F5FEAA4-4CCF-441C-9CD4-A148D82C21AD}.Debug|Any CPU.Build.0 = Debug|Any CPU
		{4F5FEAA4-4CCF-441C-9CD4-A148D82C21AD}.Release|Any CPU.ActiveCfg = Release|Any CPU
		{4F5FEAA4-4CCF-441C-9CD4-A148D82C21AD}.Release|Any CPU.Build.0 = Release|Any CPU
	EndGlobalSection
	GlobalSection(NestedProjects) = preSolution
		{C0779718-D0BF-47A5-909A-CFFBEBB352BB} = {E78D82D2-FB99-4B39-A079-AD4A5C2A0363}
		{4F5FEAA4-4CCF-441C-9CD4-A148D82C21AD} = {74989457-AA02-400F-A0FD-0E73E0489083}
	EndGlobalSection
EndGlobal
